
Microsoft Visual Studio Solution File, Format Version 12.00
Project("{FAE04EC0-301F-11D3-BF4B-00C04F79EFBC}") = "EcoNotifications.Backend.Api", "EcoNotifications.Backend\EcoNotifications.Backend.Api\EcoNotifications.Backend.Api.csproj", "{FD20613D-94D2-4CE5-A0A5-4FB0FEEC6C37}"
EndProject
Project("{2150E333-8FDC-42A3-9474-1A3956D46DE8}") = "EcoNotifications.Backend", "EcoNotifications.Backend", "{BD24958C-6F36-46BD-8BF4-DAFF3CC8DAA9}"
EndProject
Project("{FAE04EC0-301F-11D3-BF4B-00C04F79EFBC}") = "EcoNotifications.Backend.Logic", "EcoNotifications.Backend\EcoNotifications.Backend.Logic\EcoNotifications.Backend.Logic.csproj", "{9DC9BC54-77EB-4DE4-9766-F6009BC915E7}"
EndProject
Project("{2150E333-8FDC-42A3-9474-1A3956D46DE8}") = "App", "App", "{2DD73A8F-344F-4727-AE06-220BD3008613}"
EndProject
Project("{2150E333-8FDC-42A3-9474-1A3956D46DE8}") = "Core", "Core", "{6F84CD86-3593-407A-B52D-EAE47A2544E8}"
EndProject
Project("{2150E333-8FDC-42A3-9474-1A3956D46DE8}") = "Front", "Front", "{0A2CE496-1669-4F60-9A4D-C81A6069202C}"
EndProject
Project("{FAE04EC0-301F-11D3-BF4B-00C04F79EFBC}") = "EcoNotifications.App.Front", "App\Front\EcoNotifications.App.Front\EcoNotifications.App.Front.csproj", "{D96B0098-367E-4310-A64D-3DBBA33B7102}"
EndProject
Project("{FAE04EC0-301F-11D3-BF4B-00C04F79EFBC}") = "EcoNotifications.App.Front.Android", "App\Front\EcoNotifications.App.Front.Android\EcoNotifications.App.Front.Android.csproj", "{E076F904-3186-4B90-8D5F-2EDB9F8AA867}"
EndProject
Project("{FAE04EC0-301F-11D3-BF4B-00C04F79EFBC}") = "EcoNotifications.App.Front.Browser", "App\Front\EcoNotifications.App.Front.Browser\EcoNotifications.App.Front.Browser.csproj", "{973149D9-DCA7-4FA0-AE57-41FD079DF902}"
EndProject
Project("{FAE04EC0-301F-11D3-BF4B-00C04F79EFBC}") = "EcoNotifications.App.Front.Desktop", "App\Front\EcoNotifications.App.Front.Desktop\EcoNotifications.App.Front.Desktop.csproj", "{4CE6FFB1-7099-4DD3-AC2F-FEDC9B4E4CDD}"
EndProject
Project("{FAE04EC0-301F-11D3-BF4B-00C04F79EFBC}") = "EcoNotifications.App.Front.iOS", "App\Front\EcoNotifications.App.Front.iOS\EcoNotifications.App.Front.iOS.csproj", "{FF4CDE5F-14FA-4259-95DF-CD53F715FDCB}"
EndProject
Project("{FAE04EC0-301F-11D3-BF4B-00C04F79EFBC}") = "EcoNotifications.App.Core", "App\Core\EcoNotifications.App.Core.csproj", "{835E136C-30A0-4063-B581-861586CAE704}"
EndProject
Global
	GlobalSection(SolutionConfigurationPlatforms) = preSolution
		Debug|Any CPU = Debug|Any CPU
		Release|Any CPU = Release|Any CPU
	EndGlobalSection
	GlobalSection(ProjectConfigurationPlatforms) = postSolution
		{FD20613D-94D2-4CE5-A0A5-4FB0FEEC6C37}.Debug|Any CPU.ActiveCfg = Debug|Any CPU
		{FD20613D-94D2-4CE5-A0A5-4FB0FEEC6C37}.Debug|Any CPU.Build.0 = Debug|Any CPU
		{FD20613D-94D2-4CE5-A0A5-4FB0FEEC6C37}.Release|Any CPU.ActiveCfg = Release|Any CPU
		{FD20613D-94D2-4CE5-A0A5-4FB0FEEC6C37}.Release|Any CPU.Build.0 = Release|Any CPU
		{9DC9BC54-77EB-4DE4-9766-F6009BC915E7}.Debug|Any CPU.ActiveCfg = Debug|Any CPU
		{9DC9BC54-77EB-4DE4-9766-F6009BC915E7}.Debug|Any CPU.Build.0 = Debug|Any CPU
		{9DC9BC54-77EB-4DE4-9766-F6009BC915E7}.Release|Any CPU.ActiveCfg = Release|Any CPU
		{9DC9BC54-77EB-4DE4-9766-F6009BC915E7}.Release|Any CPU.Build.0 = Release|Any CPU
		{D96B0098-367E-4310-A64D-3DBBA33B7102}.Debug|Any CPU.ActiveCfg = Debug|Any CPU
		{D96B0098-367E-4310-A64D-3DBBA33B7102}.Debug|Any CPU.Build.0 = Debug|Any CPU
		{D96B0098-367E-4310-A64D-3DBBA33B7102}.Release|Any CPU.ActiveCfg = Release|Any CPU
		{D96B0098-367E-4310-A64D-3DBBA33B7102}.Release|Any CPU.Build.0 = Release|Any CPU
		{E076F904-3186-4B90-8D5F-2EDB9F8AA867}.Debug|Any CPU.ActiveCfg = Debug|Any CPU
		{E076F904-3186-4B90-8D5F-2EDB9F8AA867}.Debug|Any CPU.Build.0 = Debug|Any CPU
		{E076F904-3186-4B90-8D5F-2EDB9F8AA867}.Release|Any CPU.ActiveCfg = Release|Any CPU
		{E076F904-3186-4B90-8D5F-2EDB9F8AA867}.Release|Any CPU.Build.0 = Release|Any CPU
		{973149D9-DCA7-4FA0-AE57-41FD079DF902}.Debug|Any CPU.ActiveCfg = Debug|Any CPU
		{973149D9-DCA7-4FA0-AE57-41FD079DF902}.Debug|Any CPU.Build.0 = Debug|Any CPU
		{973149D9-DCA7-4FA0-AE57-41FD079DF902}.Release|Any CPU.ActiveCfg = Release|Any CPU
		{973149D9-DCA7-4FA0-AE57-41FD079DF902}.Release|Any CPU.Build.0 = Release|Any CPU
		{4CE6FFB1-7099-4DD3-AC2F-FEDC9B4E4CDD}.Debug|Any CPU.ActiveCfg = Debug|Any CPU
		{4CE6FFB1-7099-4DD3-AC2F-FEDC9B4E4CDD}.Debug|Any CPU.Build.0 = Debug|Any CPU
		{4CE6FFB1-7099-4DD3-AC2F-FEDC9B4E4CDD}.Release|Any CPU.ActiveCfg = Release|Any CPU
		{4CE6FFB1-7099-4DD3-AC2F-FEDC9B4E4CDD}.Release|Any CPU.Build.0 = Release|Any CPU
		{FF4CDE5F-14FA-4259-95DF-CD53F715FDCB}.Debug|Any CPU.ActiveCfg = Debug|Any CPU
		{FF4CDE5F-14FA-4259-95DF-CD53F715FDCB}.Debug|Any CPU.Build.0 = Debug|Any CPU
		{FF4CDE5F-14FA-4259-95DF-CD53F715FDCB}.Release|Any CPU.ActiveCfg = Release|Any CPU
		{FF4CDE5F-14FA-4259-95DF-CD53F715FDCB}.Release|Any CPU.Build.0 = Release|Any CPU
		{835E136C-30A0-4063-B581-861586CAE704}.Debug|Any CPU.ActiveCfg = Debug|Any CPU
		{835E136C-30A0-4063-B581-861586CAE704}.Debug|Any CPU.Build.0 = Debug|Any CPU
		{835E136C-30A0-4063-B581-861586CAE704}.Release|Any CPU.ActiveCfg = Release|Any CPU
		{835E136C-30A0-4063-B581-861586CAE704}.Release|Any CPU.Build.0 = Release|Any CPU
	EndGlobalSection
	GlobalSection(NestedProjects) = preSolution
		{FD20613D-94D2-4CE5-A0A5-4FB0FEEC6C37} = {BD24958C-6F36-46BD-8BF4-DAFF3CC8DAA9}
		{9DC9BC54-77EB-4DE4-9766-F6009BC915E7} = {BD24958C-6F36-46BD-8BF4-DAFF3CC8DAA9}
		{6F84CD86-3593-407A-B52D-EAE47A2544E8} = {2DD73A8F-344F-4727-AE06-220BD3008613}
		{0A2CE496-1669-4F60-9A4D-C81A6069202C} = {2DD73A8F-344F-4727-AE06-220BD3008613}
		{D96B0098-367E-4310-A64D-3DBBA33B7102} = {0A2CE496-1669-4F60-9A4D-C81A6069202C}
		{E076F904-3186-4B90-8D5F-2EDB9F8AA867} = {0A2CE496-1669-4F60-9A4D-C81A6069202C}
		{973149D9-DCA7-4FA0-AE57-41FD079DF902} = {0A2CE496-1669-4F60-9A4D-C81A6069202C}
		{4CE6FFB1-7099-4DD3-AC2F-FEDC9B4E4CDD} = {0A2CE496-1669-4F60-9A4D-C81A6069202C}
		{FF4CDE5F-14FA-4259-95DF-CD53F715FDCB} = {0A2CE496-1669-4F60-9A4D-C81A6069202C}
		{835E136C-30A0-4063-B581-861586CAE704} = {6F84CD86-3593-407A-B52D-EAE47A2544E8}
	EndGlobalSection
EndGlobal
