
Microsoft Visual Studio Solution File, Format Version 12.00
Project("{2150E333-8FDC-42A3-9474-1A3956D46DE8}") = "EcoNotifications.Backend", "EcoNotifications.Backend", "{BD24958C-6F36-46BD-8BF4-DAFF3CC8DAA9}"
EndProject
Project("{2150E333-8FDC-42A3-9474-1A3956D46DE8}") = "App", "App", "{2DD73A8F-344F-4727-AE06-220BD3008613}"
EndProject
Project("{2150E333-8FDC-42A3-9474-1A3956D46DE8}") = "Core", "Core", "{6F84CD86-3593-407A-B52D-EAE47A2544E8}"
EndProject
Project("{2150E333-8FDC-42A3-9474-1A3956D46DE8}") = "Front", "Front", "{0A2CE496-1669-4F60-9A4D-C81A6069202C}"
EndProject
Project("{FAE04EC0-301F-11D3-BF4B-00C04F79EFBC}") = "EcoNotifications.App.Front", "App\Front\EcoNotifications.App.Front\EcoNotifications.App.Front.csproj", "{D96B0098-367E-4310-A64D-3DBBA33B7102}"
EndProject
Project("{FAE04EC0-301F-11D3-BF4B-00C04F79EFBC}") = "EcoNotifications.App.Front.Android", "App\Front\EcoNotifications.App.Front.Android\EcoNotifications.App.Front.Android.csproj", "{E076F904-3186-4B90-8D5F-2EDB9F8AA867}"
EndProject
Project("{FAE04EC0-301F-11D3-BF4B-00C04F79EFBC}") = "EcoNotifications.App.Front.Browser", "App\Front\EcoNotifications.App.Front.Browser\EcoNotifications.App.Front.Browser.csproj", "{973149D9-DCA7-4FA0-AE57-41FD079DF902}"
EndProject
Project("{FAE04EC0-301F-11D3-BF4B-00C04F79EFBC}") = "EcoNotifications.App.Front.Desktop", "App\Front\EcoNotifications.App.Front.Desktop\EcoNotifications.App.Front.Desktop.csproj", "{4CE6FFB1-7099-4DD3-AC2F-FEDC9B4E4CDD}"
EndProject
Project("{FAE04EC0-301F-11D3-BF4B-00C04F79EFBC}") = "EcoNotifications.App.Front.iOS", "App\Front\EcoNotifications.App.Front.iOS\EcoNotifications.App.Front.iOS.csproj", "{FF4CDE5F-14FA-4259-95DF-CD53F715FDCB}"
EndProject
Project("{FAE04EC0-301F-11D3-BF4B-00C04F79EFBC}") = "EcoNotifications.App.Core", "App\Core\EcoNotifications.App.Core.csproj", "{835E136C-30A0-4063-B581-861586CAE704}"
EndProject
Project("{FAE04EC0-301F-11D3-BF4B-00C04F79EFBC}") = "EcoNotifications.Backend.Application", "EcoNotifications.Backend\EcoNotifications.Backend.Application\EcoNotifications.Backend.Application.csproj", "{AB730B55-73F3-498D-BA27-7D234A3FDE3A}"
EndProject
Project("{FAE04EC0-301F-11D3-BF4B-00C04F79EFBC}") = "EcoNotifications.Backend.Api", "EcoNotifications.Backend\EcoNotifications.Backend.Api\EcoNotifications.Backend.Api.csproj", "{49AA6CFD-3BDF-483E-8B98-412F9D072F0D}"
EndProject
Project("{FAE04EC0-301F-11D3-BF4B-00C04F79EFBC}") = "EcoNotifications.Backend.DataAccess", "EcoNotifications.Backend\EcoNotifications.Backend.DataAccess\EcoNotifications.Backend.DataAccess.csproj", "{891AA811-02D6-4934-8D27-9D1DDC7D5D3A}"
EndProject
Project("{FAE04EC0-301F-11D3-BF4B-00C04F79EFBC}") = "EcoNotifications.Backend.QRCode", "EcoNotifications.Backend\EcoNotifications.Backend.QRCode\EcoNotifications.Backend.QRCode.csproj", "{D9D1EE79-34C7-42CF-A835-3BAFACC1F787}"
EndProject
Global
	GlobalSection(SolutionConfigurationPlatforms) = preSolution
		Debug|Any CPU = Debug|Any CPU
		Release|Any CPU = Release|Any CPU
	EndGlobalSection
	GlobalSection(ProjectConfigurationPlatforms) = postSolution
		{D96B0098-367E-4310-A64D-3DBBA33B7102}.Debug|Any CPU.ActiveCfg = Debug|Any CPU
		{D96B0098-367E-4310-A64D-3DBBA33B7102}.Debug|Any CPU.Build.0 = Debug|Any CPU
		{D96B0098-367E-4310-A64D-3DBBA33B7102}.Release|Any CPU.ActiveCfg = Release|Any CPU
		{D96B0098-367E-4310-A64D-3DBBA33B7102}.Release|Any CPU.Build.0 = Release|Any CPU
		{E076F904-3186-4B90-8D5F-2EDB9F8AA867}.Debug|Any CPU.ActiveCfg = Debug|Any CPU
		{E076F904-3186-4B90-8D5F-2EDB9F8AA867}.Debug|Any CPU.Build.0 = Debug|Any CPU
		{E076F904-3186-4B90-8D5F-2EDB9F8AA867}.Release|Any CPU.ActiveCfg = Release|Any CPU
		{E076F904-3186-4B90-8D5F-2EDB9F8AA867}.Release|Any CPU.Build.0 = Release|Any CPU
		{973149D9-DCA7-4FA0-AE57-41FD079DF902}.Debug|Any CPU.ActiveCfg = Debug|Any CPU
		{973149D9-DCA7-4FA0-AE57-41FD079DF902}.Debug|Any CPU.Build.0 = Debug|Any CPU
		{973149D9-DCA7-4FA0-AE57-41FD079DF902}.Release|Any CPU.ActiveCfg = Release|Any CPU
		{973149D9-DCA7-4FA0-AE57-41FD079DF902}.Release|Any CPU.Build.0 = Release|Any CPU
		{4CE6FFB1-7099-4DD3-AC2F-FEDC9B4E4CDD}.Debug|Any CPU.ActiveCfg = Debug|Any CPU
		{4CE6FFB1-7099-4DD3-AC2F-FEDC9B4E4CDD}.Debug|Any CPU.Build.0 = Debug|Any CPU
		{4CE6FFB1-7099-4DD3-AC2F-FEDC9B4E4CDD}.Release|Any CPU.ActiveCfg = Release|Any CPU
		{4CE6FFB1-7099-4DD3-AC2F-FEDC9B4E4CDD}.Release|Any CPU.Build.0 = Release|Any CPU
		{FF4CDE5F-14FA-4259-95DF-CD53F715FDCB}.Debug|Any CPU.ActiveCfg = Debug|Any CPU
		{FF4CDE5F-14FA-4259-95DF-CD53F715FDCB}.Debug|Any CPU.Build.0 = Debug|Any CPU
		{FF4CDE5F-14FA-4259-95DF-CD53F715FDCB}.Release|Any CPU.ActiveCfg = Release|Any CPU
		{FF4CDE5F-14FA-4259-95DF-CD53F715FDCB}.Release|Any CPU.Build.0 = Release|Any CPU
		{835E136C-30A0-4063-B581-861586CAE704}.Debug|Any CPU.ActiveCfg = Debug|Any CPU
		{835E136C-30A0-4063-B581-861586CAE704}.Debug|Any CPU.Build.0 = Debug|Any CPU
		{835E136C-30A0-4063-B581-861586CAE704}.Release|Any CPU.ActiveCfg = Release|Any CPU
		{835E136C-30A0-4063-B581-861586CAE704}.Release|Any CPU.Build.0 = Release|Any CPU
		{AB730B55-73F3-498D-BA27-7D234A3FDE3A}.Debug|Any CPU.ActiveCfg = Debug|Any CPU
		{AB730B55-73F3-498D-BA27-7D234A3FDE3A}.Debug|Any CPU.Build.0 = Debug|Any CPU
		{AB730B55-73F3-498D-BA27-7D234A3FDE3A}.Release|Any CPU.ActiveCfg = Release|Any CPU
		{AB730B55-73F3-498D-BA27-7D234A3FDE3A}.Release|Any CPU.Build.0 = Release|Any CPU
		{49AA6CFD-3BDF-483E-8B98-412F9D072F0D}.Debug|Any CPU.ActiveCfg = Debug|Any CPU
		{49AA6CFD-3BDF-483E-8B98-412F9D072F0D}.Debug|Any CPU.Build.0 = Debug|Any CPU
		{49AA6CFD-3BDF-483E-8B98-412F9D072F0D}.Release|Any CPU.ActiveCfg = Release|Any CPU
		{49AA6CFD-3BDF-483E-8B98-412F9D072F0D}.Release|Any CPU.Build.0 = Release|Any CPU
		{891AA811-02D6-4934-8D27-9D1DDC7D5D3A}.Debug|Any CPU.ActiveCfg = Debug|Any CPU
		{891AA811-02D6-4934-8D27-9D1DDC7D5D3A}.Debug|Any CPU.Build.0 = Debug|Any CPU
		{891AA811-02D6-4934-8D27-9D1DDC7D5D3A}.Release|Any CPU.ActiveCfg = Release|Any CPU
		{891AA811-02D6-4934-8D27-9D1DDC7D5D3A}.Release|Any CPU.Build.0 = Release|Any CPU
		{D9D1EE79-34C7-42CF-A835-3BAFACC1F787}.Debug|Any CPU.ActiveCfg = Debug|Any CPU
		{D9D1EE79-34C7-42CF-A835-3BAFACC1F787}.Debug|Any CPU.Build.0 = Debug|Any CPU
		{D9D1EE79-34C7-42CF-A835-3BAFACC1F787}.Release|Any CPU.ActiveCfg = Release|Any CPU
		{D9D1EE79-34C7-42CF-A835-3BAFACC1F787}.Release|Any CPU.Build.0 = Release|Any CPU
	EndGlobalSection
	GlobalSection(NestedProjects) = preSolution
		{6F84CD86-3593-407A-B52D-EAE47A2544E8} = {2DD73A8F-344F-4727-AE06-220BD3008613}
		{0A2CE496-1669-4F60-9A4D-C81A6069202C} = {2DD73A8F-344F-4727-AE06-220BD3008613}
		{D96B0098-367E-4310-A64D-3DBBA33B7102} = {0A2CE496-1669-4F60-9A4D-C81A6069202C}
		{E076F904-3186-4B90-8D5F-2EDB9F8AA867} = {0A2CE496-1669-4F60-9A4D-C81A6069202C}
		{973149D9-DCA7-4FA0-AE57-41FD079DF902} = {0A2CE496-1669-4F60-9A4D-C81A6069202C}
		{4CE6FFB1-7099-4DD3-AC2F-FEDC9B4E4CDD} = {0A2CE496-1669-4F60-9A4D-C81A6069202C}
		{FF4CDE5F-14FA-4259-95DF-CD53F715FDCB} = {0A2CE496-1669-4F60-9A4D-C81A6069202C}
		{835E136C-30A0-4063-B581-861586CAE704} = {6F84CD86-3593-407A-B52D-EAE47A2544E8}
		{AB730B55-73F3-498D-BA27-7D234A3FDE3A} = {BD24958C-6F36-46BD-8BF4-DAFF3CC8DAA9}
		{49AA6CFD-3BDF-483E-8B98-412F9D072F0D} = {BD24958C-6F36-46BD-8BF4-DAFF3CC8DAA9}
		{891AA811-02D6-4934-8D27-9D1DDC7D5D3A} = {BD24958C-6F36-46BD-8BF4-DAFF3CC8DAA9}
		{D9D1EE79-34C7-42CF-A835-3BAFACC1F787} = {BD24958C-6F36-46BD-8BF4-DAFF3CC8DAA9}
	EndGlobalSection
EndGlobal
